
Microsoft Visual Studio Solution File, Format Version 12.00
# Visual Studio Version 17
VisualStudioVersion = 17.8.34330.188
MinimumVisualStudioVersion = 10.0.40219.1
Project("{9A19103F-16F7-4668-BE54-9A1E7A4F7556}") = "ValentinesDay", "..\..\C# Programs\WinFormsAppGameDevelopment\ValentinesDay\ValentinesDay.csproj", "{55A23CC9-2BDE-4656-AF09-AB4DA05A71FA}"
EndProject
Project("{2150E333-8FDC-42A3-9474-1A3956D46DE8}") = "Solution Items", "Solution Items", "{3FDCF513-C602-4BE8-B37D-0C8FC2C2D484}"
	ProjectSection(SolutionItems) = preProject
		App.config = App.config
	EndProjectSection
EndProject
Global
	GlobalSection(SolutionConfigurationPlatforms) = preSolution
		Debug|Any CPU = Debug|Any CPU
		Release|Any CPU = Release|Any CPU
	EndGlobalSection
	GlobalSection(ProjectConfigurationPlatforms) = postSolution
		{55A23CC9-2BDE-4656-AF09-AB4DA05A71FA}.Debug|Any CPU.ActiveCfg = Debug|Any CPU
		{55A23CC9-2BDE-4656-AF09-AB4DA05A71FA}.Debug|Any CPU.Build.0 = Debug|Any CPU
		{55A23CC9-2BDE-4656-AF09-AB4DA05A71FA}.Release|Any CPU.ActiveCfg = Release|Any CPU
		{55A23CC9-2BDE-4656-AF09-AB4DA05A71FA}.Release|Any CPU.Build.0 = Release|Any CPU
	EndGlobalSection
	GlobalSection(SolutionProperties) = preSolution
		HideSolutionNode = FALSE
	EndGlobalSection
	GlobalSection(ExtensibilityGlobals) = postSolution
		SolutionGuid = {9B59AEB4-0EF5-43BC-A90F-2571D7992B8D}
	EndGlobalSection
EndGlobal
